// !$*UTF8*$!
{
	archiveVersion = 1;
	classes = {
	};
	objectVersion = 55;
	objects = {

/* Begin PBXBuildFile section */
		2568606A28B2138B00722BEC /* AppDelegate.swift in Sources */ = {isa = PBXBuildFile; fileRef = 2568606928B2138B00722BEC /* AppDelegate.swift */; };
		2568606C28B2138B00722BEC /* SceneDelegate.swift in Sources */ = {isa = PBXBuildFile; fileRef = 2568606B28B2138B00722BEC /* SceneDelegate.swift */; };
		2568606E28B2138B00722BEC /* ViewController.swift in Sources */ = {isa = PBXBuildFile; fileRef = 2568606D28B2138B00722BEC /* ViewController.swift */; };
		2568607128B2138B00722BEC /* Main.storyboard in Resources */ = {isa = PBXBuildFile; fileRef = 2568606F28B2138B00722BEC /* Main.storyboard */; };
		2568607328B2138E00722BEC /* Assets.xcassets in Resources */ = {isa = PBXBuildFile; fileRef = 2568607228B2138E00722BEC /* Assets.xcassets */; };
		2568607628B2138E00722BEC /* LaunchScreen.storyboard in Resources */ = {isa = PBXBuildFile; fileRef = 2568607428B2138E00722BEC /* LaunchScreen.storyboard */; };
		2568607F28B213B200722BEC /* NetflixViewController.swift in Sources */ = {isa = PBXBuildFile; fileRef = 2568607E28B213B200722BEC /* NetflixViewController.swift */; };
		2568608428B2140000722BEC /* Then in Frameworks */ = {isa = PBXBuildFile; productRef = 2568608328B2140000722BEC /* Then */; };
		2568608728B2140D00722BEC /* SnapKit in Frameworks */ = {isa = PBXBuildFile; productRef = 2568608628B2140D00722BEC /* SnapKit */; };
		2568608A28B2141C00722BEC /* IQKeyboardManagerSwift in Frameworks */ = {isa = PBXBuildFile; productRef = 2568608928B2141C00722BEC /* IQKeyboardManagerSwift */; };
		2568608C28B2144100722BEC /* NetflixView.swift in Sources */ = {isa = PBXBuildFile; fileRef = 2568608B28B2144100722BEC /* NetflixView.swift */; };
		2568608E28B2148500722BEC /* BaseViewController.swift in Sources */ = {isa = PBXBuildFile; fileRef = 2568608D28B2148500722BEC /* BaseViewController.swift */; };
		2568609028B2149B00722BEC /* BaseView.swift in Sources */ = {isa = PBXBuildFile; fileRef = 2568608F28B2149B00722BEC /* BaseView.swift */; };
		2568609328B220A000722BEC /* CircleImageView.swift in Sources */ = {isa = PBXBuildFile; fileRef = 2568609228B2209F00722BEC /* CircleImageView.swift */; };
/* End PBXBuildFile section */

/* Begin PBXFileReference section */
		2568606628B2138B00722BEC /* Netflix.app */ = {isa = PBXFileReference; explicitFileType = wrapper.application; includeInIndex = 0; path = Netflix.app; sourceTree = BUILT_PRODUCTS_DIR; };
		2568606928B2138B00722BEC /* AppDelegate.swift */ = {isa = PBXFileReference; lastKnownFileType = sourcecode.swift; path = AppDelegate.swift; sourceTree = "<group>"; };
		2568606B28B2138B00722BEC /* SceneDelegate.swift */ = {isa = PBXFileReference; lastKnownFileType = sourcecode.swift; path = SceneDelegate.swift; sourceTree = "<group>"; };
		2568606D28B2138B00722BEC /* ViewController.swift */ = {isa = PBXFileReference; lastKnownFileType = sourcecode.swift; path = ViewController.swift; sourceTree = "<group>"; };
		2568607028B2138B00722BEC /* Base */ = {isa = PBXFileReference; lastKnownFileType = file.storyboard; name = Base; path = Base.lproj/Main.storyboard; sourceTree = "<group>"; };
		2568607228B2138E00722BEC /* Assets.xcassets */ = {isa = PBXFileReference; lastKnownFileType = folder.assetcatalog; path = Assets.xcassets; sourceTree = "<group>"; };
		2568607528B2138E00722BEC /* Base */ = {isa = PBXFileReference; lastKnownFileType = file.storyboard; name = Base; path = Base.lproj/LaunchScreen.storyboard; sourceTree = "<group>"; };
		2568607728B2138E00722BEC /* Info.plist */ = {isa = PBXFileReference; lastKnownFileType = text.plist.xml; path = Info.plist; sourceTree = "<group>"; };
		2568607E28B213B200722BEC /* NetflixViewController.swift */ = {isa = PBXFileReference; lastKnownFileType = sourcecode.swift; path = NetflixViewController.swift; sourceTree = "<group>"; };
		2568608B28B2144100722BEC /* NetflixView.swift */ = {isa = PBXFileReference; lastKnownFileType = sourcecode.swift; path = NetflixView.swift; sourceTree = "<group>"; };
		2568608D28B2148500722BEC /* BaseViewController.swift */ = {isa = PBXFileReference; lastKnownFileType = sourcecode.swift; path = BaseViewController.swift; sourceTree = "<group>"; };
		2568608F28B2149B00722BEC /* BaseView.swift */ = {isa = PBXFileReference; lastKnownFileType = sourcecode.swift; path = BaseView.swift; sourceTree = "<group>"; };
		2568609228B2209F00722BEC /* CircleImageView.swift */ = {isa = PBXFileReference; lastKnownFileType = sourcecode.swift; path = CircleImageView.swift; sourceTree = "<group>"; };
/* End PBXFileReference section */

/* Begin PBXFrameworksBuildPhase section */
		2568606328B2138B00722BEC /* Frameworks */ = {
			isa = PBXFrameworksBuildPhase;
			buildActionMask = 2147483647;
			files = (
				2568608428B2140000722BEC /* Then in Frameworks */,
				2568608728B2140D00722BEC /* SnapKit in Frameworks */,
				2568608A28B2141C00722BEC /* IQKeyboardManagerSwift in Frameworks */,
			);
			runOnlyForDeploymentPostprocessing = 0;
		};
/* End PBXFrameworksBuildPhase section */

/* Begin PBXGroup section */
		2568605D28B2138B00722BEC = {
			isa = PBXGroup;
			children = (
				2568606828B2138B00722BEC /* Netflix */,
				2568606728B2138B00722BEC /* Products */,
			);
			sourceTree = "<group>";
		};
		2568606728B2138B00722BEC /* Products */ = {
			isa = PBXGroup;
			children = (
				2568606628B2138B00722BEC /* Netflix.app */,
			);
			name = Products;
			sourceTree = "<group>";
		};
		2568606828B2138B00722BEC /* Netflix */ = {
			isa = PBXGroup;
			children = (
				2568606928B2138B00722BEC /* AppDelegate.swift */,
				2568606B28B2138B00722BEC /* SceneDelegate.swift */,
				2568606D28B2138B00722BEC /* ViewController.swift */,
				2568606F28B2138B00722BEC /* Main.storyboard */,
				2568607228B2138E00722BEC /* Assets.xcassets */,
				2568607428B2138E00722BEC /* LaunchScreen.storyboard */,
				2568607728B2138E00722BEC /* Info.plist */,
				2568607D28B2139900722BEC /* Netflix */,
				2568608028B213B800722BEC /* Utility */,
			);
			path = Netflix;
			sourceTree = "<group>";
		};
		2568607D28B2139900722BEC /* Netflix */ = {
			isa = PBXGroup;
			children = (
				2568607E28B213B200722BEC /* NetflixViewController.swift */,
				2568608B28B2144100722BEC /* NetflixView.swift */,
			);
			path = Netflix;
			sourceTree = "<group>";
		};
		2568608028B213B800722BEC /* Utility */ = {
			isa = PBXGroup;
			children = (
				2568609128B2208900722BEC /* CustomView */,
				2568608D28B2148500722BEC /* BaseViewController.swift */,
				2568608F28B2149B00722BEC /* BaseView.swift */,
			);
			path = Utility;
			sourceTree = "<group>";
		};
		2568609128B2208900722BEC /* CustomView */ = {
			isa = PBXGroup;
			children = (
				2568609228B2209F00722BEC /* CircleImageView.swift */,
			);
			path = CustomView;
			sourceTree = "<group>";
		};
/* End PBXGroup section */

/* Begin PBXNativeTarget section */
		2568606528B2138B00722BEC /* Netflix */ = {
			isa = PBXNativeTarget;
			buildConfigurationList = 2568607A28B2138E00722BEC /* Build configuration list for PBXNativeTarget "Netflix" */;
			buildPhases = (
				2568606228B2138B00722BEC /* Sources */,
				2568606328B2138B00722BEC /* Frameworks */,
				2568606428B2138B00722BEC /* Resources */,
			);
			buildRules = (
			);
			dependencies = (
			);
			name = Netflix;
			packageProductDependencies = (
				2568608328B2140000722BEC /* Then */,
				2568608628B2140D00722BEC /* SnapKit */,
				2568608928B2141C00722BEC /* IQKeyboardManagerSwift */,
			);
			productName = Netflix;
			productReference = 2568606628B2138B00722BEC /* Netflix.app */;
			productType = "com.apple.product-type.application";
		};
/* End PBXNativeTarget section */

/* Begin PBXProject section */
		2568605E28B2138B00722BEC /* Project object */ = {
			isa = PBXProject;
			attributes = {
				BuildIndependentTargetsInParallel = 1;
				LastSwiftUpdateCheck = 1340;
				LastUpgradeCheck = 1340;
				TargetAttributes = {
					2568606528B2138B00722BEC = {
						CreatedOnToolsVersion = 13.4.1;
					};
				};
			};
			buildConfigurationList = 2568606128B2138B00722BEC /* Build configuration list for PBXProject "Netflix" */;
			compatibilityVersion = "Xcode 13.0";
			developmentRegion = en;
			hasScannedForEncodings = 0;
			knownRegions = (
				en,
				Base,
			);
			mainGroup = 2568605D28B2138B00722BEC;
			packageReferences = (
				2568608228B2140000722BEC /* XCRemoteSwiftPackageReference "Then" */,
				2568608528B2140D00722BEC /* XCRemoteSwiftPackageReference "SnapKit" */,
				2568608828B2141C00722BEC /* XCRemoteSwiftPackageReference "IQKeyboardManager" */,
			);
			productRefGroup = 2568606728B2138B00722BEC /* Products */;
			projectDirPath = "";
			projectRoot = "";
			targets = (
				2568606528B2138B00722BEC /* Netflix */,
			);
		};
/* End PBXProject section */

/* Begin PBXResourcesBuildPhase section */
		2568606428B2138B00722BEC /* Resources */ = {
			isa = PBXResourcesBuildPhase;
			buildActionMask = 2147483647;
			files = (
				2568607628B2138E00722BEC /* LaunchScreen.storyboard in Resources */,
				2568607328B2138E00722BEC /* Assets.xcassets in Resources */,
				2568607128B2138B00722BEC /* Main.storyboard in Resources */,
			);
			runOnlyForDeploymentPostprocessing = 0;
		};
/* End PBXResourcesBuildPhase section */

/* Begin PBXSourcesBuildPhase section */
		2568606228B2138B00722BEC /* Sources */ = {
			isa = PBXSourcesBuildPhase;
			buildActionMask = 2147483647;
			files = (
				2568609328B220A000722BEC /* CircleImageView.swift in Sources */,
				2568606E28B2138B00722BEC /* ViewController.swift in Sources */,
				2568606A28B2138B00722BEC /* AppDelegate.swift in Sources */,
				2568608C28B2144100722BEC /* NetflixView.swift in Sources */,
				2568606C28B2138B00722BEC /* SceneDelegate.swift in Sources */,
				2568609028B2149B00722BEC /* BaseView.swift in Sources */,
				2568607F28B213B200722BEC /* NetflixViewController.swift in Sources */,
				2568608E28B2148500722BEC /* BaseViewController.swift in Sources */,
			);
			runOnlyForDeploymentPostprocessing = 0;
		};
/* End PBXSourcesBuildPhase section */

/* Begin PBXVariantGroup section */
		2568606F28B2138B00722BEC /* Main.storyboard */ = {
			isa = PBXVariantGroup;
			children = (
				2568607028B2138B00722BEC /* Base */,
			);
			name = Main.storyboard;
			sourceTree = "<group>";
		};
		2568607428B2138E00722BEC /* LaunchScreen.storyboard */ = {
			isa = PBXVariantGroup;
			children = (
				2568607528B2138E00722BEC /* Base */,
			);
			name = LaunchScreen.storyboard;
			sourceTree = "<group>";
		};
/* End PBXVariantGroup section */

/* Begin XCBuildConfiguration section */
		2568607828B2138E00722BEC /* Debug */ = {
			isa = XCBuildConfiguration;
			buildSettings = {
				ALWAYS_SEARCH_USER_PATHS = NO;
				CLANG_ANALYZER_NONNULL = YES;
				CLANG_ANALYZER_NUMBER_OBJECT_CONVERSION = YES_AGGRESSIVE;
				CLANG_CXX_LANGUAGE_STANDARD = "gnu++17";
				CLANG_ENABLE_MODULES = YES;
				CLANG_ENABLE_OBJC_ARC = YES;
				CLANG_ENABLE_OBJC_WEAK = YES;
				CLANG_WARN_BLOCK_CAPTURE_AUTORELEASING = YES;
				CLANG_WARN_BOOL_CONVERSION = YES;
				CLANG_WARN_COMMA = YES;
				CLANG_WARN_CONSTANT_CONVERSION = YES;
				CLANG_WARN_DEPRECATED_OBJC_IMPLEMENTATIONS = YES;
				CLANG_WARN_DIRECT_OBJC_ISA_USAGE = YES_ERROR;
				CLANG_WARN_DOCUMENTATION_COMMENTS = YES;
				CLANG_WARN_EMPTY_BODY = YES;
				CLANG_WARN_ENUM_CONVERSION = YES;
				CLANG_WARN_INFINITE_RECURSION = YES;
				CLANG_WARN_INT_CONVERSION = YES;
				CLANG_WARN_NON_LITERAL_NULL_CONVERSION = YES;
				CLANG_WARN_OBJC_IMPLICIT_RETAIN_SELF = YES;
				CLANG_WARN_OBJC_LITERAL_CONVERSION = YES;
				CLANG_WARN_OBJC_ROOT_CLASS = YES_ERROR;
				CLANG_WARN_QUOTED_INCLUDE_IN_FRAMEWORK_HEADER = YES;
				CLANG_WARN_RANGE_LOOP_ANALYSIS = YES;
				CLANG_WARN_STRICT_PROTOTYPES = YES;
				CLANG_WARN_SUSPICIOUS_MOVE = YES;
				CLANG_WARN_UNGUARDED_AVAILABILITY = YES_AGGRESSIVE;
				CLANG_WARN_UNREACHABLE_CODE = YES;
				CLANG_WARN__DUPLICATE_METHOD_MATCH = YES;
				COPY_PHASE_STRIP = NO;
				DEBUG_INFORMATION_FORMAT = dwarf;
				ENABLE_STRICT_OBJC_MSGSEND = YES;
				ENABLE_TESTABILITY = YES;
				GCC_C_LANGUAGE_STANDARD = gnu11;
				GCC_DYNAMIC_NO_PIC = NO;
				GCC_NO_COMMON_BLOCKS = YES;
				GCC_OPTIMIZATION_LEVEL = 0;
				GCC_PREPROCESSOR_DEFINITIONS = (
					"DEBUG=1",
					"$(inherited)",
				);
				GCC_WARN_64_TO_32_BIT_CONVERSION = YES;
				GCC_WARN_ABOUT_RETURN_TYPE = YES_ERROR;
				GCC_WARN_UNDECLARED_SELECTOR = YES;
				GCC_WARN_UNINITIALIZED_AUTOS = YES_AGGRESSIVE;
				GCC_WARN_UNUSED_FUNCTION = YES;
				GCC_WARN_UNUSED_VARIABLE = YES;
				IPHONEOS_DEPLOYMENT_TARGET = 15.5;
				MTL_ENABLE_DEBUG_INFO = INCLUDE_SOURCE;
				MTL_FAST_MATH = YES;
				ONLY_ACTIVE_ARCH = YES;
				SDKROOT = iphoneos;
				SWIFT_ACTIVE_COMPILATION_CONDITIONS = DEBUG;
				SWIFT_OPTIMIZATION_LEVEL = "-Onone";
			};
			name = Debug;
		};
		2568607928B2138E00722BEC /* Release */ = {
			isa = XCBuildConfiguration;
			buildSettings = {
				ALWAYS_SEARCH_USER_PATHS = NO;
				CLANG_ANALYZER_NONNULL = YES;
				CLANG_ANALYZER_NUMBER_OBJECT_CONVERSION = YES_AGGRESSIVE;
				CLANG_CXX_LANGUAGE_STANDARD = "gnu++17";
				CLANG_ENABLE_MODULES = YES;
				CLANG_ENABLE_OBJC_ARC = YES;
				CLANG_ENABLE_OBJC_WEAK = YES;
				CLANG_WARN_BLOCK_CAPTURE_AUTORELEASING = YES;
				CLANG_WARN_BOOL_CONVERSION = YES;
				CLANG_WARN_COMMA = YES;
				CLANG_WARN_CONSTANT_CONVERSION = YES;
				CLANG_WARN_DEPRECATED_OBJC_IMPLEMENTATIONS = YES;
				CLANG_WARN_DIRECT_OBJC_ISA_USAGE = YES_ERROR;
				CLANG_WARN_DOCUMENTATION_COMMENTS = YES;
				CLANG_WARN_EMPTY_BODY = YES;
				CLANG_WARN_ENUM_CONVERSION = YES;
				CLANG_WARN_INFINITE_RECURSION = YES;
				CLANG_WARN_INT_CONVERSION = YES;
				CLANG_WARN_NON_LITERAL_NULL_CONVERSION = YES;
				CLANG_WARN_OBJC_IMPLICIT_RETAIN_SELF = YES;
				CLANG_WARN_OBJC_LITERAL_CONVERSION = YES;
				CLANG_WARN_OBJC_ROOT_CLASS = YES_ERROR;
				CLANG_WARN_QUOTED_INCLUDE_IN_FRAMEWORK_HEADER = YES;
				CLANG_WARN_RANGE_LOOP_ANALYSIS = YES;
				CLANG_WARN_STRICT_PROTOTYPES = YES;
				CLANG_WARN_SUSPICIOUS_MOVE = YES;
				CLANG_WARN_UNGUARDED_AVAILABILITY = YES_AGGRESSIVE;
				CLANG_WARN_UNREACHABLE_CODE = YES;
				CLANG_WARN__DUPLICATE_METHOD_MATCH = YES;
				COPY_PHASE_STRIP = NO;
				DEBUG_INFORMATION_FORMAT = "dwarf-with-dsym";
				ENABLE_NS_ASSERTIONS = NO;
				ENABLE_STRICT_OBJC_MSGSEND = YES;
				GCC_C_LANGUAGE_STANDARD = gnu11;
				GCC_NO_COMMON_BLOCKS = YES;
				GCC_WARN_64_TO_32_BIT_CONVERSION = YES;
				GCC_WARN_ABOUT_RETURN_TYPE = YES_ERROR;
				GCC_WARN_UNDECLARED_SELECTOR = YES;
				GCC_WARN_UNINITIALIZED_AUTOS = YES_AGGRESSIVE;
				GCC_WARN_UNUSED_FUNCTION = YES;
				GCC_WARN_UNUSED_VARIABLE = YES;
				IPHONEOS_DEPLOYMENT_TARGET = 15.5;
				MTL_ENABLE_DEBUG_INFO = NO;
				MTL_FAST_MATH = YES;
				SDKROOT = iphoneos;
				SWIFT_COMPILATION_MODE = wholemodule;
				SWIFT_OPTIMIZATION_LEVEL = "-O";
				VALIDATE_PRODUCT = YES;
			};
			name = Release;
		};
		2568607B28B2138E00722BEC /* Debug */ = {
			isa = XCBuildConfiguration;
			buildSettings = {
				ASSETCATALOG_COMPILER_APPICON_NAME = AppIcon;
				ASSETCATALOG_COMPILER_GLOBAL_ACCENT_COLOR_NAME = AccentColor;
				CODE_SIGN_STYLE = Automatic;
				CURRENT_PROJECT_VERSION = 1;
				DEVELOPMENT_TEAM = RFHV927M8S;
				GENERATE_INFOPLIST_FILE = YES;
				INFOPLIST_FILE = Netflix/Info.plist;
				INFOPLIST_KEY_UIApplicationSupportsIndirectInputEvents = YES;
				INFOPLIST_KEY_UILaunchStoryboardName = LaunchScreen;
				INFOPLIST_KEY_UIMainStoryboardFile = Main;
				INFOPLIST_KEY_UISupportedInterfaceOrientations_iPad = "UIInterfaceOrientationPortrait UIInterfaceOrientationPortraitUpsideDown UIInterfaceOrientationLandscapeLeft UIInterfaceOrientationLandscapeRight";
				INFOPLIST_KEY_UISupportedInterfaceOrientations_iPhone = "UIInterfaceOrientationPortrait UIInterfaceOrientationLandscapeLeft UIInterfaceOrientationLandscapeRight";
				IPHONEOS_DEPLOYMENT_TARGET = 15.0;
				LD_RUNPATH_SEARCH_PATHS = (
					"$(inherited)",
					"@executable_path/Frameworks",
				);
				MARKETING_VERSION = 1.0;
				PRODUCT_BUNDLE_IDENTIFIER = com.jaehoon.Netflix;
				PRODUCT_NAME = "$(TARGET_NAME)";
				SWIFT_EMIT_LOC_STRINGS = YES;
				SWIFT_VERSION = 5.0;
				TARGETED_DEVICE_FAMILY = "1,2";
			};
			name = Debug;
		};
		2568607C28B2138E00722BEC /* Release */ = {
			isa = XCBuildConfiguration;
			buildSettings = {
				ASSETCATALOG_COMPILER_APPICON_NAME = AppIcon;
				ASSETCATALOG_COMPILER_GLOBAL_ACCENT_COLOR_NAME = AccentColor;
				CODE_SIGN_STYLE = Automatic;
				CURRENT_PROJECT_VERSION = 1;
				DEVELOPMENT_TEAM = RFHV927M8S;
				GENERATE_INFOPLIST_FILE = YES;
				INFOPLIST_FILE = Netflix/Info.plist;
				INFOPLIST_KEY_UIApplicationSupportsIndirectInputEvents = YES;
				INFOPLIST_KEY_UILaunchStoryboardName = LaunchScreen;
				INFOPLIST_KEY_UIMainStoryboardFile = Main;
				INFOPLIST_KEY_UISupportedInterfaceOrientations_iPad = "UIInterfaceOrientationPortrait UIInterfaceOrientationPortraitUpsideDown UIInterfaceOrientationLandscapeLeft UIInterfaceOrientationLandscapeRight";
				INFOPLIST_KEY_UISupportedInterfaceOrientations_iPhone = "UIInterfaceOrientationPortrait UIInterfaceOrientationLandscapeLeft UIInterfaceOrientationLandscapeRight";
				IPHONEOS_DEPLOYMENT_TARGET = 15.0;
				LD_RUNPATH_SEARCH_PATHS = (
					"$(inherited)",
					"@executable_path/Frameworks",
				);
				MARKETING_VERSION = 1.0;
				PRODUCT_BUNDLE_IDENTIFIER = com.jaehoon.Netflix;
				PRODUCT_NAME = "$(TARGET_NAME)";
				SWIFT_EMIT_LOC_STRINGS = YES;
				SWIFT_VERSION = 5.0;
				TARGETED_DEVICE_FAMILY = "1,2";
			};
			name = Release;
		};
/* End XCBuildConfiguration section */

/* Begin XCConfigurationList section */
		2568606128B2138B00722BEC /* Build configuration list for PBXProject "Netflix" */ = {
			isa = XCConfigurationList;
			buildConfigurations = (
				2568607828B2138E00722BEC /* Debug */,
				2568607928B2138E00722BEC /* Release */,
			);
			defaultConfigurationIsVisible = 0;
			defaultConfigurationName = Release;
		};
		2568607A28B2138E00722BEC /* Build configuration list for PBXNativeTarget "Netflix" */ = {
			isa = XCConfigurationList;
			buildConfigurations = (
				2568607B28B2138E00722BEC /* Debug */,
				2568607C28B2138E00722BEC /* Release */,
			);
			defaultConfigurationIsVisible = 0;
			defaultConfigurationName = Release;
		};
/* End XCConfigurationList section */

/* Begin XCRemoteSwiftPackageReference section */
		2568608228B2140000722BEC /* XCRemoteSwiftPackageReference "Then" */ = {
			isa = XCRemoteSwiftPackageReference;
			repositoryURL = "https://github.com/devxoul/Then.git";
			requirement = {
				branch = master;
				kind = branch;
			};
		};
		2568608528B2140D00722BEC /* XCRemoteSwiftPackageReference "SnapKit" */ = {
			isa = XCRemoteSwiftPackageReference;
			repositoryURL = "https://github.com/SnapKit/SnapKit.git";
			requirement = {
				branch = develop;
				kind = branch;
			};
		};
		2568608828B2141C00722BEC /* XCRemoteSwiftPackageReference "IQKeyboardManager" */ = {
			isa = XCRemoteSwiftPackageReference;
			repositoryURL = "https://github.com/hackiftekhar/IQKeyboardManager.git";
			requirement = {
				branch = master;
				kind = branch;
			};
		};
/* End XCRemoteSwiftPackageReference section */

/* Begin XCSwiftPackageProductDependency section */
		2568608328B2140000722BEC /* Then */ = {
			isa = XCSwiftPackageProductDependency;
			package = 2568608228B2140000722BEC /* XCRemoteSwiftPackageReference "Then" */;
			productName = Then;
		};
		2568608628B2140D00722BEC /* SnapKit */ = {
			isa = XCSwiftPackageProductDependency;
			package = 2568608528B2140D00722BEC /* XCRemoteSwiftPackageReference "SnapKit" */;
			productName = SnapKit;
		};
		2568608928B2141C00722BEC /* IQKeyboardManagerSwift */ = {
			isa = XCSwiftPackageProductDependency;
			package = 2568608828B2141C00722BEC /* XCRemoteSwiftPackageReference "IQKeyboardManager" */;
			productName = IQKeyboardManagerSwift;
		};
/* End XCSwiftPackageProductDependency section */
	};
	rootObject = 2568605E28B2138B00722BEC /* Project object */;
}
